{
  "name": "node-red-contrib-gree-hvac",
  "version": "0.1.4",
  "lockfileVersion": 1,
  "requires": true,
  "dependencies": {
    "clone": {
      "version": "2.1.2",
      "resolved": "https://registry.npmjs.org/clone/-/clone-2.1.2.tgz",
      "integrity": "sha1-G39Ln1kfHo+DZwQBYANFoCiHQ18="
    },
    "gree-hvac-client": {
      "version": "1.2.7",
      "resolved": "https://registry.npmjs.org/gree-hvac-client/-/gree-hvac-client-1.2.7.tgz",
      "integrity": "sha512-PSCMfzSMK9SUfqJ5e6KicyLHB+Gtdgwb/85tXumgSzwuqMKrC09Au38h10ZzciMkwMPx0aMtLk00v7byzamyJg==",
      "requires": {
        "clone": "^2.1.2",
        "object-diff": "^0.0.4"
      }
    },
    "object-diff": {
      "version": "0.0.4",
      "resolved": "https://registry.npmjs.org/object-diff/-/object-diff-0.0.4.tgz",
      "integrity": "sha1-2IOwRE/o/W4E5ZXXu2ZWgskWBH8="
    }
  }
}
