# THIS IS AN AUTOGENERATED FILE. DO NOT EDIT THIS FILE DIRECTLY.
# yarn lockfile v1


clone@^2.1.2:
  version "2.1.2"
  resolved "https://registry.yarnpkg.com/clone/-/clone-2.1.2.tgz#1b7f4b9f591f1e8f83670401600345a02887435f"
  integrity sha1-G39Ln1kfHo+DZwQBYANFoCiHQ18=

gree-hvac-client@^1.2.2:
  version "1.2.2"
  resolved "https://registry.yarnpkg.com/gree-hvac-client/-/gree-hvac-client-1.2.2.tgz#4764467385fa65e768f06d863169fa8dc36b59b3"
  integrity sha512-w5Lnz7VJOestHHNeBcsrE0vUE3ANpGxqzuPlbGRWWH5PcKzekXSOmPL+ExDaUm2CinDL6yddsORzFDh7XzNLTw==
  dependencies:
    clone "^2.1.2"
    object-diff "^0.0.4"

object-diff@^0.0.4:
  version "0.0.4"
  resolved "https://registry.yarnpkg.com/object-diff/-/object-diff-0.0.4.tgz#d883b0444fe8fd6e04e595d7bb665682c916047f"
  integrity sha1-2IOwRE/o/W4E5ZXXu2ZWgskWBH8=
